
Microsoft Visual Studio Solution File, Format Version 12.00
# Visual Studio Version 17
VisualStudioVersion = 17.9.34607.119
MinimumVisualStudioVersion = 10.0.40219.1
Project("{FAE04EC0-301F-11D3-BF4B-00C04F79EFBC}") = "PhasmoEditor", "PhasmoEditor\PhasmoEditor.csproj", "{EAB6C3F7-C965-4DE7-8500-BDC133F7BC46}"
EndProject
Global
	GlobalSection(SolutionConfigurationPlatforms) = preSolution
		Debug|Any CPU = Debug|Any CPU
		Release|Any CPU = Release|Any CPU
	EndGlobalSection
	GlobalSection(ProjectConfigurationPlatforms) = postSolution
		{EAB6C3F7-C965-4DE7-8500-BDC133F7BC46}.Debug|Any CPU.ActiveCfg = Debug|Any CPU
		{EAB6C3F7-C965-4DE7-8500-BDC133F7BC46}.Debug|Any CPU.Build.0 = Debug|Any CPU
		{EAB6C3F7-C965-4DE7-8500-BDC133F7BC46}.Release|Any CPU.ActiveCfg = Release|Any CPU
		{EAB6C3F7-C965-4DE7-8500-BDC133F7BC46}.Release|Any CPU.Build.0 = Release|Any CPU
	EndGlobalSection
	GlobalSection(SolutionProperties) = preSolution
		HideSolutionNode = FALSE
	EndGlobalSection
	GlobalSection(ExtensibilityGlobals) = postSolution
		SolutionGuid = {F3D37595-0344-4562-AC45-47FF35FF3284}
	EndGlobalSection
EndGlobal
