
Microsoft Visual Studio Solution File, Format Version 12.00
# Visual Studio Version 17
VisualStudioVersion = 17.9.34607.119
MinimumVisualStudioVersion = 10.0.40219.1
Project("{FAE04EC0-301F-11D3-BF4B-00C04F79EFBC}") = "PhasmoEditorWinApp", "PhasmoEditorWinApp\PhasmoEditorWinApp.csproj", "{BFD9C6A9-C71A-495D-8B90-1F7DB406A60C}"
EndProject
Project("{2150E333-8FDC-42A3-9474-1A3956D46DE8}") = "Элементы решения", "Элементы решения", "{0CA41F2E-480F-40EC-A632-C6DD653AB530}"
EndProject
Global
	GlobalSection(SolutionConfigurationPlatforms) = preSolution
		Debug|Any CPU = Debug|Any CPU
		Debug|x64 = Debug|x64
		Release|Any CPU = Release|Any CPU
		Release|x64 = Release|x64
	EndGlobalSection
	GlobalSection(ProjectConfigurationPlatforms) = postSolution
		{BFD9C6A9-C71A-495D-8B90-1F7DB406A60C}.Debug|Any CPU.ActiveCfg = Debug|Any CPU
		{BFD9C6A9-C71A-495D-8B90-1F7DB406A60C}.Debug|Any CPU.Build.0 = Debug|Any CPU
		{BFD9C6A9-C71A-495D-8B90-1F7DB406A60C}.Debug|x64.ActiveCfg = Debug|x64
		{BFD9C6A9-C71A-495D-8B90-1F7DB406A60C}.Debug|x64.Build.0 = Debug|x64
		{BFD9C6A9-C71A-495D-8B90-1F7DB406A60C}.Release|Any CPU.ActiveCfg = Release|Any CPU
		{BFD9C6A9-C71A-495D-8B90-1F7DB406A60C}.Release|Any CPU.Build.0 = Release|Any CPU
		{BFD9C6A9-C71A-495D-8B90-1F7DB406A60C}.Release|x64.ActiveCfg = Release|x64
		{BFD9C6A9-C71A-495D-8B90-1F7DB406A60C}.Release|x64.Build.0 = Release|x64
	EndGlobalSection
	GlobalSection(SolutionProperties) = preSolution
		HideSolutionNode = FALSE
	EndGlobalSection
	GlobalSection(ExtensibilityGlobals) = postSolution
		SolutionGuid = {97AC2813-1516-4BAB-81CA-6F5448193DCC}
	EndGlobalSection
EndGlobal
